# THIS IS AN AUTOGENERATED FILE. DO NOT EDIT THIS FILE DIRECTLY.
# yarn lockfile v1


rxjs-wx@^1.1.1:
  version "1.1.1"
  resolved "https://registry.npm.taobao.org/rxjs-wx/download/rxjs-wx-1.1.1.tgz#1c5866da40b395393c18062e498eea51d9c053dd"
  integrity sha1-HFhm2kCzlTk8GAYuSY7qUdnAU90=

vant-weapp@^0.5.14:
  version "0.5.14"
  resolved "https://registry.npm.taobao.org/vant-weapp/download/vant-weapp-0.5.14.tgz#0ca8f210d73c51bcf26a99facda150cb96a2b053"
  integrity sha1-DKjyENc8Ubzyapn6zaFQy5aisFM=
